{
  "name": "audio-effect",
  "version": "1.0.0",
  "lockfileVersion": 3,
  "requires": true,
  "packages": {
    "": {
      "name": "audio-effect",
      "version": "1.0.0",
      "license": "ISC",
      "devDependencies": {
        "digital-filter": "file:../digital-filter"
      }
    },
    "../digital-filter": {
      "version": "2.3.0",
      "dev": true,
      "license": "MIT",
      "devDependencies": {
        "tst": "^9.4.0"
      },
      "engines": {
        "node": ">=18"
      }
    },
    "node_modules/digital-filter": {
      "resolved": "../digital-filter",
      "link": true
    }
  }
}
